
Microsoft Visual Studio Solution File, Format Version 12.00
# Visual Studio Version 16
VisualStudioVersion = 16.0.30804.86
MinimumVisualStudioVersion = 10.0.40219.1
Project("{FAE04EC0-301F-11D3-BF4B-00C04F79EFBC}") = "MT.DirectoryWatcher.UI", "MT.DirectoryWatcher.UI\MT.DirectoryWatcher.UI.csproj", "{C109CDBA-CF7F-4AFE-A598-8824908D25F8}"
EndProject
Global
	GlobalSection(SolutionConfigurationPlatforms) = preSolution
		Debug|Any CPU = Debug|Any CPU
		Release|Any CPU = Release|Any CPU
	EndGlobalSection
	GlobalSection(ProjectConfigurationPlatforms) = postSolution
		{C109CDBA-CF7F-4AFE-A598-8824908D25F8}.Debug|Any CPU.ActiveCfg = Debug|Any CPU
		{C109CDBA-CF7F-4AFE-A598-8824908D25F8}.Debug|Any CPU.Build.0 = Debug|Any CPU
		{C109CDBA-CF7F-4AFE-A598-8824908D25F8}.Release|Any CPU.ActiveCfg = Release|Any CPU
		{C109CDBA-CF7F-4AFE-A598-8824908D25F8}.Release|Any CPU.Build.0 = Release|Any CPU
	EndGlobalSection
	GlobalSection(SolutionProperties) = preSolution
		HideSolutionNode = FALSE
	EndGlobalSection
	GlobalSection(ExtensibilityGlobals) = postSolution
		SolutionGuid = {96456CAD-0D0A-4FDB-A350-FFF2718857A5}
	EndGlobalSection
EndGlobal
